
Microsoft Visual Studio Solution File, Format Version 12.00
# Visual Studio Version 16
VisualStudioVersion = 16.0.30907.101
MinimumVisualStudioVersion = 10.0.40219.1
Project("{FAE04EC0-301F-11D3-BF4B-00C04F79EFBC}") = "LightConductor", "LightConductor.csproj", "{96E3ECD2-9422-4534-B3D6-03F44259C860}"
EndProject
Project("{54435603-DBB4-11D2-8724-00A0C9A8B90C}") = "LCSetup", "..\LCSetup\LCSetup.vdproj", "{2CEC5C6D-8D4A-4F6B-A07E-5B877E5C7056}"
EndProject
Global
	GlobalSection(SolutionConfigurationPlatforms) = preSolution
		Debug|Any CPU = Debug|Any CPU
		Debug|x64 = Debug|x64
		Release|Any CPU = Release|Any CPU
		Release|x64 = Release|x64
	EndGlobalSection
	GlobalSection(ProjectConfigurationPlatforms) = postSolution
		{96E3ECD2-9422-4534-B3D6-03F44259C860}.Debug|Any CPU.ActiveCfg = Debug|Any CPU
		{96E3ECD2-9422-4534-B3D6-03F44259C860}.Debug|Any CPU.Build.0 = Debug|Any CPU
		{96E3ECD2-9422-4534-B3D6-03F44259C860}.Debug|x64.ActiveCfg = Debug|x64
		{96E3ECD2-9422-4534-B3D6-03F44259C860}.Debug|x64.Build.0 = Debug|x64
		{96E3ECD2-9422-4534-B3D6-03F44259C860}.Release|Any CPU.ActiveCfg = Release|Any CPU
		{96E3ECD2-9422-4534-B3D6-03F44259C860}.Release|Any CPU.Build.0 = Release|Any CPU
		{96E3ECD2-9422-4534-B3D6-03F44259C860}.Release|x64.ActiveCfg = Release|x64
		{96E3ECD2-9422-4534-B3D6-03F44259C860}.Release|x64.Build.0 = Release|x64
		{2CEC5C6D-8D4A-4F6B-A07E-5B877E5C7056}.Debug|Any CPU.ActiveCfg = Debug
		{2CEC5C6D-8D4A-4F6B-A07E-5B877E5C7056}.Debug|x64.ActiveCfg = Debug
		{2CEC5C6D-8D4A-4F6B-A07E-5B877E5C7056}.Release|Any CPU.ActiveCfg = Release
		{2CEC5C6D-8D4A-4F6B-A07E-5B877E5C7056}.Release|x64.ActiveCfg = Release
	EndGlobalSection
	GlobalSection(SolutionProperties) = preSolution
		HideSolutionNode = FALSE
	EndGlobalSection
	GlobalSection(ExtensibilityGlobals) = postSolution
		SolutionGuid = {E0375B0B-82DE-440E-8BF3-83C61085522C}
	EndGlobalSection
EndGlobal
